
Microsoft Visual Studio Solution File, Format Version 12.00
# Visual Studio Version 17
VisualStudioVersion = 17.0.32112.339
MinimumVisualStudioVersion = 10.0.40219.1
Project("{9A19103F-16F7-4668-BE54-9A1E7A4F7556}") = "TransactionProcessor.Repository", "TransactionProcessor.Repository\TransactionProcessor.Repository.csproj", "{20A46EDC-A3C7-4946-B920-3B3D018D2F6E}"
EndProject
Project("{9A19103F-16F7-4668-BE54-9A1E7A4F7556}") = "TransactionProcessor.Repository.Tests", "TransactionProcessor.Repository.Tests\TransactionProcessor.Repository.Tests.csproj", "{16B33084-D2A0-424B-9B44-7B0A365A539E}"
EndProject
Project("{9A19103F-16F7-4668-BE54-9A1E7A4F7556}") = "FileProcessor", "FileProcessor\FileProcessor.csproj", "{F7D1D6C8-32B0-4301-AF87-81959828946F}"
EndProject
Project("{9A19103F-16F7-4668-BE54-9A1E7A4F7556}") = "FileProcessor.Tests", "FileProcessor.Tests\FileProcessor.Tests.csproj", "{840265F5-5C5E-4117-A648-D25F07766B0A}"
EndProject
Project("{FAE04EC0-301F-11D3-BF4B-00C04F79EFBC}") = "FileProcessorConsole", "FileProcessorConsole\FileProcessorConsole.csproj", "{32A7D516-BCF3-4ADE-A5EA-CE6D414264E4}"
EndProject
Global
	GlobalSection(SolutionConfigurationPlatforms) = preSolution
		Debug|Any CPU = Debug|Any CPU
		Release|Any CPU = Release|Any CPU
	EndGlobalSection
	GlobalSection(ProjectConfigurationPlatforms) = postSolution
		{20A46EDC-A3C7-4946-B920-3B3D018D2F6E}.Debug|Any CPU.ActiveCfg = Debug|Any CPU
		{20A46EDC-A3C7-4946-B920-3B3D018D2F6E}.Debug|Any CPU.Build.0 = Debug|Any CPU
		{20A46EDC-A3C7-4946-B920-3B3D018D2F6E}.Release|Any CPU.ActiveCfg = Release|Any CPU
		{20A46EDC-A3C7-4946-B920-3B3D018D2F6E}.Release|Any CPU.Build.0 = Release|Any CPU
		{16B33084-D2A0-424B-9B44-7B0A365A539E}.Debug|Any CPU.ActiveCfg = Debug|Any CPU
		{16B33084-D2A0-424B-9B44-7B0A365A539E}.Debug|Any CPU.Build.0 = Debug|Any CPU
		{16B33084-D2A0-424B-9B44-7B0A365A539E}.Release|Any CPU.ActiveCfg = Release|Any CPU
		{16B33084-D2A0-424B-9B44-7B0A365A539E}.Release|Any CPU.Build.0 = Release|Any CPU
		{F7D1D6C8-32B0-4301-AF87-81959828946F}.Debug|Any CPU.ActiveCfg = Debug|Any CPU
		{F7D1D6C8-32B0-4301-AF87-81959828946F}.Debug|Any CPU.Build.0 = Debug|Any CPU
		{F7D1D6C8-32B0-4301-AF87-81959828946F}.Release|Any CPU.ActiveCfg = Release|Any CPU
		{F7D1D6C8-32B0-4301-AF87-81959828946F}.Release|Any CPU.Build.0 = Release|Any CPU
		{840265F5-5C5E-4117-A648-D25F07766B0A}.Debug|Any CPU.ActiveCfg = Debug|Any CPU
		{840265F5-5C5E-4117-A648-D25F07766B0A}.Debug|Any CPU.Build.0 = Debug|Any CPU
		{840265F5-5C5E-4117-A648-D25F07766B0A}.Release|Any CPU.ActiveCfg = Release|Any CPU
		{840265F5-5C5E-4117-A648-D25F07766B0A}.Release|Any CPU.Build.0 = Release|Any CPU
		{32A7D516-BCF3-4ADE-A5EA-CE6D414264E4}.Debug|Any CPU.ActiveCfg = Debug|Any CPU
		{32A7D516-BCF3-4ADE-A5EA-CE6D414264E4}.Debug|Any CPU.Build.0 = Debug|Any CPU
		{32A7D516-BCF3-4ADE-A5EA-CE6D414264E4}.Release|Any CPU.ActiveCfg = Release|Any CPU
		{32A7D516-BCF3-4ADE-A5EA-CE6D414264E4}.Release|Any CPU.Build.0 = Release|Any CPU
	EndGlobalSection
	GlobalSection(SolutionProperties) = preSolution
		HideSolutionNode = FALSE
	EndGlobalSection
	GlobalSection(ExtensibilityGlobals) = postSolution
		SolutionGuid = {DDD546ED-BE7D-48BD-9ABA-CB206E688DEC}
	EndGlobalSection
EndGlobal
